
Microsoft Visual Studio Solution File, Format Version 12.00
# Visual Studio Version 16
VisualStudioVersion = 16.0.30114.105
MinimumVisualStudioVersion = 10.0.40219.1
Project("{2150E333-8FDC-42A3-9474-1A3956D46DE8}") = "src", "src", "{05EB5613-9B1F-4504-AA86-460D68C84B48}"
EndProject
Project("{FAE04EC0-301F-11D3-BF4B-00C04F79EFBC}") = "BankKata.Domain", "src\domain\BankKata.Domain.csproj", "{457DEC12-9CA9-4752-B3DF-BBFD901499B5}"
EndProject
Project("{FAE04EC0-301F-11D3-BF4B-00C04F79EFBC}") = "BankKata.Test", "test\BankKata.Test.csproj", "{CC67898F-968F-485B-8AB0-AE435AE0091A}"
EndProject
Global
	GlobalSection(SolutionConfigurationPlatforms) = preSolution
		Debug|Any CPU = Debug|Any CPU
		Release|Any CPU = Release|Any CPU
	EndGlobalSection
	GlobalSection(SolutionProperties) = preSolution
		HideSolutionNode = FALSE
	EndGlobalSection
	GlobalSection(ProjectConfigurationPlatforms) = postSolution
		{457DEC12-9CA9-4752-B3DF-BBFD901499B5}.Debug|Any CPU.ActiveCfg = Debug|Any CPU
		{457DEC12-9CA9-4752-B3DF-BBFD901499B5}.Debug|Any CPU.Build.0 = Debug|Any CPU
		{457DEC12-9CA9-4752-B3DF-BBFD901499B5}.Release|Any CPU.ActiveCfg = Release|Any CPU
		{457DEC12-9CA9-4752-B3DF-BBFD901499B5}.Release|Any CPU.Build.0 = Release|Any CPU
		{CC67898F-968F-485B-8AB0-AE435AE0091A}.Debug|Any CPU.ActiveCfg = Debug|Any CPU
		{CC67898F-968F-485B-8AB0-AE435AE0091A}.Debug|Any CPU.Build.0 = Debug|Any CPU
		{CC67898F-968F-485B-8AB0-AE435AE0091A}.Release|Any CPU.ActiveCfg = Release|Any CPU
		{CC67898F-968F-485B-8AB0-AE435AE0091A}.Release|Any CPU.Build.0 = Release|Any CPU
	EndGlobalSection
	GlobalSection(NestedProjects) = preSolution
		{457DEC12-9CA9-4752-B3DF-BBFD901499B5} = {05EB5613-9B1F-4504-AA86-460D68C84B48}
	EndGlobalSection
EndGlobal
